
Microsoft Visual Studio Solution File, Format Version 12.00
# Visual Studio Version 16
VisualStudioVersion = 16.0.33801.447
MinimumVisualStudioVersion = 10.0.40219.1
Project("{FAE04EC0-301F-11D3-BF4B-00C04F79EFBC}") = "Student_Management_System", "Student_Management_System.csproj", "{80EFA364-AEF0-4574-BAEC-B4A3AC9738D9}"
EndProject
Global
	GlobalSection(SolutionConfigurationPlatforms) = preSolution
		Debug|Any CPU = Debug|Any CPU
		Release|Any CPU = Release|Any CPU
	EndGlobalSection
	GlobalSection(ProjectConfigurationPlatforms) = postSolution
		{80EFA364-AEF0-4574-BAEC-B4A3AC9738D9}.Debug|Any CPU.ActiveCfg = Debug|Any CPU
		{80EFA364-AEF0-4574-BAEC-B4A3AC9738D9}.Debug|Any CPU.Build.0 = Debug|Any CPU
		{80EFA364-AEF0-4574-BAEC-B4A3AC9738D9}.Release|Any CPU.ActiveCfg = Release|Any CPU
		{80EFA364-AEF0-4574-BAEC-B4A3AC9738D9}.Release|Any CPU.Build.0 = Release|Any CPU
	EndGlobalSection
	GlobalSection(SolutionProperties) = preSolution
		HideSolutionNode = FALSE
	EndGlobalSection
	GlobalSection(ExtensibilityGlobals) = postSolution
		SolutionGuid = {903D9CFA-8596-4353-89A0-59E9A17568EE}
	EndGlobalSection
EndGlobal
